
Microsoft Visual Studio Solution File, Format Version 12.00
# Visual Studio 15
Project("{FAE04EC0-301F-11D3-BF4B-00C04F79EFBC}") = "Assembly-CSharp", "Assembly-CSharp.csproj", "{D9A0573D-A0F9-E0ED-6255-E979B5AA0083}"
EndProject
Project("{FAE04EC0-301F-11D3-BF4B-00C04F79EFBC}") = "Assembly-CSharp-Editor", "Assembly-CSharp-Editor.csproj", "{D59DC59A-71C6-8160-9B92-224D0A0DEEF5}"
EndProject
Global
	GlobalSection(SolutionConfigurationPlatforms) = preSolution
		Debug|Any CPU = Debug|Any CPU
		Release|Any CPU = Release|Any CPU
	EndGlobalSection
	GlobalSection(ProjectConfigurationPlatforms) = postSolution
		{D9A0573D-A0F9-E0ED-6255-E979B5AA0083}.Debug|Any CPU.ActiveCfg = Debug|Any CPU
		{D9A0573D-A0F9-E0ED-6255-E979B5AA0083}.Debug|Any CPU.Build.0 = Debug|Any CPU
		{D9A0573D-A0F9-E0ED-6255-E979B5AA0083}.Release|Any CPU.ActiveCfg = Release|Any CPU
		{D9A0573D-A0F9-E0ED-6255-E979B5AA0083}.Release|Any CPU.Build.0 = Release|Any CPU
		{D59DC59A-71C6-8160-9B92-224D0A0DEEF5}.Debug|Any CPU.ActiveCfg = Debug|Any CPU
		{D59DC59A-71C6-8160-9B92-224D0A0DEEF5}.Debug|Any CPU.Build.0 = Debug|Any CPU
		{D59DC59A-71C6-8160-9B92-224D0A0DEEF5}.Release|Any CPU.ActiveCfg = Release|Any CPU
		{D59DC59A-71C6-8160-9B92-224D0A0DEEF5}.Release|Any CPU.Build.0 = Release|Any CPU
	EndGlobalSection
	GlobalSection(SolutionProperties) = preSolution
		HideSolutionNode = FALSE
	EndGlobalSection
EndGlobal
